
Microsoft Visual Studio Solution File, Format Version 12.00
# Visual Studio Version 17
VisualStudioVersion = 17.0.31808.319
MinimumVisualStudioVersion = 10.0.40219.1
Project("{FAE04EC0-301F-11D3-BF4B-00C04F79EFBC}") = "Common", "Common\Common.csproj", "{0707E28B-6C2E-4A61-9EC6-891A0C9EAD18}"
EndProject
Project("{FAE04EC0-301F-11D3-BF4B-00C04F79EFBC}") = "Common.Demo", "Common.Demo\Common.Demo.csproj", "{D3DBDA6D-3F77-4B87-99F4-15688B70779C}"
EndProject
Project("{2150E333-8FDC-42A3-9474-1A3956D46DE8}") = "Commons", "Commons", "{D8D609C6-F0EA-44F9-A84F-4E6FE74336AA}"
EndProject
Project("{2150E333-8FDC-42A3-9474-1A3956D46DE8}") = "Solution Items", "Solution Items", "{D14C9DE9-B90E-4A81-AA12-5D71743B91BE}"
	ProjectSection(SolutionItems) = preProject
		.editorconfig = .editorconfig
		App.ini = App.ini
	EndProjectSection
EndProject
Project("{FAE04EC0-301F-11D3-BF4B-00C04F79EFBC}") = "Common.Net", "Common.Net\Common.Net.csproj", "{FE1AC6FC-A5E6-4375-BD11-C7016C9F51AE}"
EndProject
Project("{FAE04EC0-301F-11D3-BF4B-00C04F79EFBC}") = "AssemblyInfoUtil", "AssemblyInfoUtil\AssemblyInfoUtil.csproj", "{20EB0BEC-9A44-4898-88A6-A9E174A02AD6}"
EndProject
Project("{54435603-DBB4-11D2-8724-00A0C9A8B90C}") = "Setup", "Setup\Setup.vdproj", "{96914A32-1AA0-440D-A32A-26EB32581558}"
EndProject
Project("{FAE04EC0-301F-11D3-BF4B-00C04F79EFBC}") = "Common.Cultures", "Common.Cultures\Common.Cultures.csproj", "{903191F6-071A-483C-BDEB-5B876EF2C6D0}"
EndProject
Global
	GlobalSection(SolutionConfigurationPlatforms) = preSolution
		Debug|Any CPU = Debug|Any CPU
		Debug|x64 = Debug|x64
		Debug|x86 = Debug|x86
		Release|Any CPU = Release|Any CPU
		Release|x64 = Release|x64
		Release|x86 = Release|x86
	EndGlobalSection
	GlobalSection(ProjectConfigurationPlatforms) = postSolution
		{0707E28B-6C2E-4A61-9EC6-891A0C9EAD18}.Debug|Any CPU.ActiveCfg = Debug|Any CPU
		{0707E28B-6C2E-4A61-9EC6-891A0C9EAD18}.Debug|Any CPU.Build.0 = Debug|Any CPU
		{0707E28B-6C2E-4A61-9EC6-891A0C9EAD18}.Debug|x64.ActiveCfg = Debug|x64
		{0707E28B-6C2E-4A61-9EC6-891A0C9EAD18}.Debug|x64.Build.0 = Debug|x64
		{0707E28B-6C2E-4A61-9EC6-891A0C9EAD18}.Debug|x86.ActiveCfg = Debug|x86
		{0707E28B-6C2E-4A61-9EC6-891A0C9EAD18}.Debug|x86.Build.0 = Debug|x86
		{0707E28B-6C2E-4A61-9EC6-891A0C9EAD18}.Release|Any CPU.ActiveCfg = Release|Any CPU
		{0707E28B-6C2E-4A61-9EC6-891A0C9EAD18}.Release|Any CPU.Build.0 = Release|Any CPU
		{0707E28B-6C2E-4A61-9EC6-891A0C9EAD18}.Release|x64.ActiveCfg = Release|x64
		{0707E28B-6C2E-4A61-9EC6-891A0C9EAD18}.Release|x64.Build.0 = Release|x64
		{0707E28B-6C2E-4A61-9EC6-891A0C9EAD18}.Release|x86.ActiveCfg = Release|x86
		{0707E28B-6C2E-4A61-9EC6-891A0C9EAD18}.Release|x86.Build.0 = Release|x86
		{D3DBDA6D-3F77-4B87-99F4-15688B70779C}.Debug|Any CPU.ActiveCfg = Debug|Any CPU
		{D3DBDA6D-3F77-4B87-99F4-15688B70779C}.Debug|Any CPU.Build.0 = Debug|Any CPU
		{D3DBDA6D-3F77-4B87-99F4-15688B70779C}.Debug|x64.ActiveCfg = Debug|Any CPU
		{D3DBDA6D-3F77-4B87-99F4-15688B70779C}.Debug|x64.Build.0 = Debug|Any CPU
		{D3DBDA6D-3F77-4B87-99F4-15688B70779C}.Debug|x86.ActiveCfg = Debug|Any CPU
		{D3DBDA6D-3F77-4B87-99F4-15688B70779C}.Debug|x86.Build.0 = Debug|Any CPU
		{D3DBDA6D-3F77-4B87-99F4-15688B70779C}.Release|Any CPU.ActiveCfg = Release|Any CPU
		{D3DBDA6D-3F77-4B87-99F4-15688B70779C}.Release|Any CPU.Build.0 = Release|Any CPU
		{D3DBDA6D-3F77-4B87-99F4-15688B70779C}.Release|x64.ActiveCfg = Release|Any CPU
		{D3DBDA6D-3F77-4B87-99F4-15688B70779C}.Release|x64.Build.0 = Release|Any CPU
		{D3DBDA6D-3F77-4B87-99F4-15688B70779C}.Release|x86.ActiveCfg = Release|Any CPU
		{D3DBDA6D-3F77-4B87-99F4-15688B70779C}.Release|x86.Build.0 = Release|Any CPU
		{FE1AC6FC-A5E6-4375-BD11-C7016C9F51AE}.Debug|Any CPU.ActiveCfg = Debug|Any CPU
		{FE1AC6FC-A5E6-4375-BD11-C7016C9F51AE}.Debug|Any CPU.Build.0 = Debug|Any CPU
		{FE1AC6FC-A5E6-4375-BD11-C7016C9F51AE}.Debug|x64.ActiveCfg = Debug|Any CPU
		{FE1AC6FC-A5E6-4375-BD11-C7016C9F51AE}.Debug|x64.Build.0 = Debug|Any CPU
		{FE1AC6FC-A5E6-4375-BD11-C7016C9F51AE}.Debug|x86.ActiveCfg = Debug|Any CPU
		{FE1AC6FC-A5E6-4375-BD11-C7016C9F51AE}.Debug|x86.Build.0 = Debug|Any CPU
		{FE1AC6FC-A5E6-4375-BD11-C7016C9F51AE}.Release|Any CPU.ActiveCfg = Release|Any CPU
		{FE1AC6FC-A5E6-4375-BD11-C7016C9F51AE}.Release|Any CPU.Build.0 = Release|Any CPU
		{FE1AC6FC-A5E6-4375-BD11-C7016C9F51AE}.Release|x64.ActiveCfg = Release|Any CPU
		{FE1AC6FC-A5E6-4375-BD11-C7016C9F51AE}.Release|x64.Build.0 = Release|Any CPU
		{FE1AC6FC-A5E6-4375-BD11-C7016C9F51AE}.Release|x86.ActiveCfg = Release|Any CPU
		{FE1AC6FC-A5E6-4375-BD11-C7016C9F51AE}.Release|x86.Build.0 = Release|Any CPU
		{20EB0BEC-9A44-4898-88A6-A9E174A02AD6}.Debug|Any CPU.ActiveCfg = Debug|Any CPU
		{20EB0BEC-9A44-4898-88A6-A9E174A02AD6}.Debug|Any CPU.Build.0 = Debug|Any CPU
		{20EB0BEC-9A44-4898-88A6-A9E174A02AD6}.Debug|x64.ActiveCfg = Debug|Any CPU
		{20EB0BEC-9A44-4898-88A6-A9E174A02AD6}.Debug|x64.Build.0 = Debug|Any CPU
		{20EB0BEC-9A44-4898-88A6-A9E174A02AD6}.Debug|x86.ActiveCfg = Debug|Any CPU
		{20EB0BEC-9A44-4898-88A6-A9E174A02AD6}.Debug|x86.Build.0 = Debug|Any CPU
		{20EB0BEC-9A44-4898-88A6-A9E174A02AD6}.Release|Any CPU.ActiveCfg = Release|Any CPU
		{20EB0BEC-9A44-4898-88A6-A9E174A02AD6}.Release|Any CPU.Build.0 = Release|Any CPU
		{20EB0BEC-9A44-4898-88A6-A9E174A02AD6}.Release|x64.ActiveCfg = Release|Any CPU
		{20EB0BEC-9A44-4898-88A6-A9E174A02AD6}.Release|x64.Build.0 = Release|Any CPU
		{20EB0BEC-9A44-4898-88A6-A9E174A02AD6}.Release|x86.ActiveCfg = Release|Any CPU
		{20EB0BEC-9A44-4898-88A6-A9E174A02AD6}.Release|x86.Build.0 = Release|Any CPU
		{96914A32-1AA0-440D-A32A-26EB32581558}.Debug|Any CPU.ActiveCfg = Debug
		{96914A32-1AA0-440D-A32A-26EB32581558}.Debug|x64.ActiveCfg = Debug
		{96914A32-1AA0-440D-A32A-26EB32581558}.Debug|x64.Build.0 = Debug
		{96914A32-1AA0-440D-A32A-26EB32581558}.Debug|x86.ActiveCfg = Debug
		{96914A32-1AA0-440D-A32A-26EB32581558}.Debug|x86.Build.0 = Debug
		{96914A32-1AA0-440D-A32A-26EB32581558}.Release|Any CPU.ActiveCfg = Release
		{96914A32-1AA0-440D-A32A-26EB32581558}.Release|Any CPU.Build.0 = Release
		{96914A32-1AA0-440D-A32A-26EB32581558}.Release|x64.ActiveCfg = Release
		{96914A32-1AA0-440D-A32A-26EB32581558}.Release|x64.Build.0 = Release
		{96914A32-1AA0-440D-A32A-26EB32581558}.Release|x86.ActiveCfg = Release
		{96914A32-1AA0-440D-A32A-26EB32581558}.Release|x86.Build.0 = Release
		{903191F6-071A-483C-BDEB-5B876EF2C6D0}.Debug|Any CPU.ActiveCfg = Debug|Any CPU
		{903191F6-071A-483C-BDEB-5B876EF2C6D0}.Debug|Any CPU.Build.0 = Debug|Any CPU
		{903191F6-071A-483C-BDEB-5B876EF2C6D0}.Debug|x64.ActiveCfg = Debug|Any CPU
		{903191F6-071A-483C-BDEB-5B876EF2C6D0}.Debug|x64.Build.0 = Debug|Any CPU
		{903191F6-071A-483C-BDEB-5B876EF2C6D0}.Debug|x86.ActiveCfg = Debug|Any CPU
		{903191F6-071A-483C-BDEB-5B876EF2C6D0}.Debug|x86.Build.0 = Debug|Any CPU
		{903191F6-071A-483C-BDEB-5B876EF2C6D0}.Release|Any CPU.ActiveCfg = Release|Any CPU
		{903191F6-071A-483C-BDEB-5B876EF2C6D0}.Release|Any CPU.Build.0 = Release|Any CPU
		{903191F6-071A-483C-BDEB-5B876EF2C6D0}.Release|x64.ActiveCfg = Release|Any CPU
		{903191F6-071A-483C-BDEB-5B876EF2C6D0}.Release|x64.Build.0 = Release|Any CPU
		{903191F6-071A-483C-BDEB-5B876EF2C6D0}.Release|x86.ActiveCfg = Release|Any CPU
		{903191F6-071A-483C-BDEB-5B876EF2C6D0}.Release|x86.Build.0 = Release|Any CPU
	EndGlobalSection
	GlobalSection(SolutionProperties) = preSolution
		HideSolutionNode = FALSE
	EndGlobalSection
	GlobalSection(NestedProjects) = preSolution
		{0707E28B-6C2E-4A61-9EC6-891A0C9EAD18} = {D8D609C6-F0EA-44F9-A84F-4E6FE74336AA}
		{FE1AC6FC-A5E6-4375-BD11-C7016C9F51AE} = {D8D609C6-F0EA-44F9-A84F-4E6FE74336AA}
		{20EB0BEC-9A44-4898-88A6-A9E174A02AD6} = {D8D609C6-F0EA-44F9-A84F-4E6FE74336AA}
		{903191F6-071A-483C-BDEB-5B876EF2C6D0} = {D8D609C6-F0EA-44F9-A84F-4E6FE74336AA}
	EndGlobalSection
	GlobalSection(ExtensibilityGlobals) = postSolution
		SolutionGuid = {8765CDCF-D6F8-4C48-83BE-05E31872B233}
	EndGlobalSection
EndGlobal
